{
    "_readme": [
        "This file locks the dependencies of your project to a known state",
        "Read more about it at http://getcomposer.org/doc/01-basic-usage.md#composer-lock-the-lock-file"
    ],
    "hash": "78ecef1554c09fe36e331da7650c4661",
    "packages": [
        {
            "name": "puphpet/puphpet-module-installer",
            "version": "dev-master",
            "source": {
                "type": "git",
                "url": "https://github.com/puphpet/puphpet-module-installer.git",
                "reference": "5773423a3275b63e212ba7bc103ac3eb8f9597af"
            },
            "dist": {
                "type": "zip",
                "url": "https://api.github.com/repos/puphpet/puphpet-module-installer/zipball/5773423a3275b63e212ba7bc103ac3eb8f9597af",
                "reference": "5773423a3275b63e212ba7bc103ac3eb8f9597af",
                "shasum": ""
            },
            "type": "composer-installer",
            "extra": {
                "class": "Puphpet\\Composer\\ModuleInstaller"
            },
            "autoload": {
                "psr-0": {
                    "Puphpet\\Composer": "src/"
                }
            },
            "notification-url": "https://packagist.org/downloads/",
            "license": [
                "MIT"
            ],
            "authors": [
                {
                    "name": "Juan Treminio",
                    "email": "jtreminio@gmail.com",
                    "homepage": "http://jtreminio.com"
                }
            ],
            "description": "PuPHPet composer installer.",
            "time": "2013-06-21 01:44:40"
        },
        {
            "name": "puphpet/puppet-apache",
            "version": "dev-master",
            "target-dir": "apache",
            "source": {
                "type": "git",
                "url": "https://github.com/puphpet/puppet-apache.git",
                "reference": "f851bbf972553293556ec45253ff915250c651b4"
            },
            "dist": {
                "type": "zip",
                "url": "https://api.github.com/repos/puphpet/puppet-apache/zipball/f851bbf972553293556ec45253ff915250c651b4",
                "reference": "f851bbf972553293556ec45253ff915250c651b4",
                "shasum": ""
            },
            "require": {
                "puphpet/puphpet-module-installer": "*",
                "puphpet/puppi": "dev-master"
            },
            "type": "puphpet-module",
            "notification-url": "https://packagist.org/downloads/",
            "license": [
                "Apache 2."
            ],
            "authors": [
                {
                    "name": "Alessandro Franceschi / Lab42",
                    "homepage": "https://github.com/example42/puppi"
                },
                {
                    "name": "PuPHPet",
                    "homepage": "https://github.com/puphpet/puppi"
                }
            ],
            "description": "Non-PHP! Composer-friendly version of Lab42 Apache module",
            "homepage": "https://github.com/puphpet/puppet-apache",
            "keywords": [
                "puppet",
                "virtual machine",
                "vm"
            ],
            "time": "2013-06-21 02:38:39"
        },
        {
            "name": "puphpet/puppet-git",
            "version": "dev-master",
            "target-dir": "git",
            "source": {
                "type": "git",
                "url": "https://github.com/puphpet/puppet-git.git",
                "reference": "a7e855f031ccd5363a0f481f462e31b80b7d6afd"
            },
            "dist": {
                "type": "zip",
                "url": "https://api.github.com/repos/puphpet/puppet-git/zipball/a7e855f031ccd5363a0f481f462e31b80b7d6afd",
                "reference": "a7e855f031ccd5363a0f481f462e31b80b7d6afd",
                "shasum": ""
            },
            "require": {
                "puphpet/puphpet-module-installer": "*",
                "puphpet/puppetlabs-stdlib": "dev-master"
            },
            "type": "puphpet-module",
            "notification-url": "https://packagist.org/downloads/",
            "license": [
                "Apache 2."
            ],
            "authors": [
                {
                    "name": "Aaron Hicks",
                    "homepage": "https://github.com/nesi/puppet-git"
                },
                {
                    "name": "PuPHPet",
                    "homepage": "https://github.com/puphpet/puppet-git"
                }
            ],
            "description": "Non-PHP! Composer-friendly version of Aaron Hicks' Git module",
            "homepage": "https://github.com/puphpet/puppet-git",
            "keywords": [
                "puppet",
                "virtual machine",
                "vm"
            ],
            "time": "2013-06-21 03:15:02"
        },
        {
            "name": "puphpet/puppet-mysql",
            "version": "dev-master",
            "target-dir": "mysql",
            "source": {
                "type": "git",
                "url": "https://github.com/puphpet/puppet-mysql.git",
                "reference": "cd05e5c9c4cd456a884fe785633bcac87a0cb4b9"
            },
            "dist": {
                "type": "zip",
                "url": "https://api.github.com/repos/puphpet/puppet-mysql/zipball/cd05e5c9c4cd456a884fe785633bcac87a0cb4b9",
                "reference": "cd05e5c9c4cd456a884fe785633bcac87a0cb4b9",
                "shasum": ""
            },
            "require": {
                "puphpet/puphpet-module-installer": "*",
                "puphpet/puppi": "dev-master"
            },
            "type": "puphpet-module",
            "notification-url": "https://packagist.org/downloads/",
            "license": [
                "Apache 2."
            ],
            "authors": [
                {
                    "name": "Alessandro Franceschi / Lab42",
                    "homepage": "https://github.com/example42/puppet-mysql"
                },
                {
                    "name": "PuPHPet",
                    "homepage": "https://github.com/puphpet/puppet-mysql"
                }
            ],
            "description": "Non-PHP! Composer-friendly version of Lab42 MySQL module",
            "homepage": "https://github.com/puphpet/puppet-mysql",
            "keywords": [
                "puppet",
                "virtual machine",
                "vm"
            ],
            "time": "2013-06-21 03:39:35"
        },
        {
            "name": "puphpet/puppet-nginx",
            "version": "dev-master",
            "target-dir": "nginx",
            "source": {
                "type": "git",
                "url": "https://github.com/puphpet/puppet-nginx.git",
                "reference": "ae390972314964bbb0a9f68894ca79e62aa2ecc3"
            },
            "dist": {
                "type": "zip",
                "url": "https://api.github.com/repos/puphpet/puppet-nginx/zipball/ae390972314964bbb0a9f68894ca79e62aa2ecc3",
                "reference": "ae390972314964bbb0a9f68894ca79e62aa2ecc3",
                "shasum": ""
            },
            "require": {
                "puphpet/puphpet-module-installer": "*"
            },
            "type": "puphpet-module",
            "notification-url": "https://packagist.org/downloads/",
            "license": [
                "Apache-2.0"
            ],
            "authors": [
                {
                    "name": "James Fryman",
                    "homepage": "https://github.com/jfryman/puppet-nginx"
                },
                {
                    "name": "PuPHPet",
                    "homepage": "https://github.com/puphpet/puppet-nginx"
                }
            ],
            "description": "Non-PHP! Puppet module for nginx installation",
            "homepage": "https://github.com/puphpet/puppet-nginx",
            "keywords": [
                "nginx",
                "puppet"
            ],
            "time": "2013-06-21 05:19:00"
        },
        {
            "name": "puphpet/puppet-php",
            "version": "dev-master",
            "target-dir": "php",
            "source": {
                "type": "git",
                "url": "https://github.com/puphpet/puppet-php.git",
                "reference": "575da71831fa6392c3fb00069d206ade1181575d"
            },
            "dist": {
                "type": "zip",
                "url": "https://api.github.com/repos/puphpet/puppet-php/zipball/575da71831fa6392c3fb00069d206ade1181575d",
                "reference": "575da71831fa6392c3fb00069d206ade1181575d",
                "shasum": ""
            },
            "require": {
                "puphpet/puphpet-module-installer": "*",
                "puphpet/puppi": "dev-master"
            },
            "type": "puphpet-module",
            "notification-url": "https://packagist.org/downloads/",
            "license": [
                "Apache 2."
            ],
            "authors": [
                {
                    "name": "Romain THERRAT",
                    "homepage": "https://github.com/lermit/puppet-php"
                },
                {
                    "name": "PuPHPet",
                    "homepage": "https://github.com/puphpet/puppet-php"
                }
            ],
            "description": "Non-PHP! Composer-friendly version of Romain THERRAT PHP module",
            "homepage": "https://github.com/puphpet/puppet-php",
            "keywords": [
                "puppet",
                "virtual machine",
                "vm"
            ],
            "time": "2013-06-21 03:47:20"
        },
        {
            "name": "puphpet/puppet-phpmyadmin",
            "version": "dev-master",
            "target-dir": "phpmyadmin",
            "source": {
                "type": "git",
                "url": "https://github.com/puphpet/puppet-phpmyadmin.git",
                "reference": "4bd3a2b1c7855fcf8670a749fcc9df832e3f8771"
            },
            "dist": {
                "type": "zip",
                "url": "https://api.github.com/repos/puphpet/puppet-phpmyadmin/zipball/4bd3a2b1c7855fcf8670a749fcc9df832e3f8771",
                "reference": "4bd3a2b1c7855fcf8670a749fcc9df832e3f8771",
                "shasum": ""
            },
            "require": {
                "puphpet/puphpet-module-installer": "*"
            },
            "type": "puphpet-module",
            "notification-url": "https://packagist.org/downloads/",
            "license": [
                "Apache-2.0"
            ],
            "authors": [
                {
                    "name": "Frank Stelzer",
                    "homepage": "https://github.com/frastel/puppet-phpmyadmin"
                },
                {
                    "name": "PuPHPet",
                    "homepage": "https://github.com/puphpet/puppet-phpmyadmin"
                }
            ],
            "description": "Non-PHP! Composer-friendly version of Frank Stelzer PHPMyAdmin module",
            "homepage": "https://github.com/puphpet/puppet-phpmyadmin",
            "keywords": [
                "puppet",
                "virtual machine",
                "vm"
            ],
            "time": "2013-06-21 05:27:09"
        },
        {
            "name": "puphpet/puppet-postgresql",
            "version": "dev-master",
            "target-dir": "postgresql",
            "source": {
                "type": "git",
                "url": "https://github.com/puphpet/puppetlabs-postgresql.git",
                "reference": "8cb1acddb6ba80a8dd31ea34c48bd4851e51e841"
            },
            "dist": {
                "type": "zip",
                "url": "https://api.github.com/repos/puphpet/puppetlabs-postgresql/zipball/8cb1acddb6ba80a8dd31ea34c48bd4851e51e841",
                "reference": "8cb1acddb6ba80a8dd31ea34c48bd4851e51e841",
                "shasum": ""
            },
            "require": {
                "puphpet/puphpet-module-installer": "*"
            },
            "type": "puphpet-module",
            "notification-url": "https://packagist.org/downloads/",
            "license": [
                "Apache-2.0"
            ],
            "authors": [
                {
                    "name": "Puppet Labs",
                    "homepage": "https://github.com/puppetlabs/puppetlabs-postgresql"
                },
                {
                    "name": "PuPHPet",
                    "homepage": "https://github.com/puphpet/puppet-postgresql"
                }
            ],
            "description": "Non-PHP! Composer-friendly version of Puppet Labs PostgreSQL module",
            "homepage": "https://github.com/puphpet/puppet-postgresql",
            "keywords": [
                "puppet",
                "virtual machine",
                "vm"
            ],
            "time": "2013-06-21 05:22:41"
        },
        {
            "name": "puphpet/puppet-puphpet",
            "version": "dev-master",
            "target-dir": "puphpet",
            "source": {
                "type": "git",
                "url": "https://github.com/puphpet/puppet-puphpet.git",
                "reference": "431b297c43edc55567c739a485cdebd8bb88560f"
            },
            "dist": {
                "type": "zip",
                "url": "https://api.github.com/repos/puphpet/puppet-puphpet/zipball/431b297c43edc55567c739a485cdebd8bb88560f",
                "reference": "431b297c43edc55567c739a485cdebd8bb88560f",
                "shasum": ""
            },
            "require": {
                "puphpet/puphpet-module-installer": "*"
            },
            "type": "puphpet-module",
            "notification-url": "https://packagist.org/downloads/",
            "license": [
                "MIT"
            ],
            "authors": [
                {
                    "name": "PuPHPet",
                    "homepage": "https://github.com/puphpet/puppet-puphpet"
                }
            ],
            "description": "Non-PHP! PuPHPet-specific things.",
            "homepage": "https://github.com/puphpet/puppet-puphpet",
            "keywords": [
                "puppet",
                "virtual machine",
                "vm"
            ],
            "time": "2013-06-21 04:16:34"
        },
        {
            "name": "puphpet/puppet-xdebug",
            "version": "dev-master",
            "target-dir": "xdebug",
            "source": {
                "type": "git",
                "url": "https://github.com/puphpet/puppet-xdebug.git",
                "reference": "e8313f978bb2d35764d90e65317b4c61484eac53"
            },
            "dist": {
                "type": "zip",
                "url": "https://api.github.com/repos/puphpet/puppet-xdebug/zipball/e8313f978bb2d35764d90e65317b4c61484eac53",
                "reference": "e8313f978bb2d35764d90e65317b4c61484eac53",
                "shasum": ""
            },
            "require": {
                "puphpet/puphpet-module-installer": "*"
            },
            "type": "puphpet-module",
            "notification-url": "https://packagist.org/downloads/",
            "authors": [
                {
                    "name": "ridonkulous",
                    "homepage": "https://github.com/ridonkulous/puppet-xdebug"
                },
                {
                    "name": "PuPHPet",
                    "homepage": "https://github.com/puphpet/puppet-xdebug"
                }
            ],
            "description": "Non-PHP! Composer-friendly version of ridonkulous Xdebug module",
            "homepage": "https://github.com/puphpet/puppet-xdebug",
            "keywords": [
                "puppet",
                "virtual machine",
                "vm"
            ],
            "time": "2013-06-21 03:54:24"
        },
        {
            "name": "puphpet/puppetlabs-apt",
            "version": "dev-master",
            "target-dir": "apt",
            "source": {
                "type": "git",
                "url": "https://github.com/puphpet/puppetlabs-apt.git",
                "reference": "1956465a18d13aac9f679f80f4ca33364c648189"
            },
            "dist": {
                "type": "zip",
                "url": "https://api.github.com/repos/puphpet/puppetlabs-apt/zipball/1956465a18d13aac9f679f80f4ca33364c648189",
                "reference": "1956465a18d13aac9f679f80f4ca33364c648189",
                "shasum": ""
            },
            "require": {
                "puphpet/puphpet-module-installer": "*",
                "puphpet/puppetlabs-stdlib": "dev-master"
            },
            "type": "puphpet-module",
            "notification-url": "https://packagist.org/downloads/",
            "license": [
                "Apache 2."
            ],
            "authors": [
                {
                    "name": "Puppet Labs",
                    "homepage": "https://github.com/puppetlabs/puppetlabs-apt"
                },
                {
                    "name": "PuPHPet",
                    "homepage": "https://github.com/puphpet/puppetlabs-apt"
                }
            ],
            "description": "Non-PHP! Composer-friendly version of Puppet Labs Apt module",
            "homepage": "https://github.com/puphpet/puppetlabs-apt",
            "keywords": [
                "puppet",
                "virtual machine",
                "vm"
            ],
            "time": "2013-06-21 02:58:02"
        },
        {
            "name": "puphpet/puppetlabs-stdlib",
            "version": "dev-master",
            "target-dir": "stdlib",
            "source": {
                "type": "git",
                "url": "https://github.com/puphpet/puppetlabs-stdlib.git",
                "reference": "5f2297b1d4f8b98494fbc12fe38af07e1ba2966d"
            },
            "dist": {
                "type": "zip",
                "url": "https://api.github.com/repos/puphpet/puppetlabs-stdlib/zipball/5f2297b1d4f8b98494fbc12fe38af07e1ba2966d",
                "reference": "5f2297b1d4f8b98494fbc12fe38af07e1ba2966d",
                "shasum": ""
            },
            "require": {
                "puphpet/puphpet-module-installer": "*"
            },
            "type": "puphpet-module",
            "notification-url": "https://packagist.org/downloads/",
            "license": [
                "Apache 2."
            ],
            "authors": [
                {
                    "name": "Puppet Labs",
                    "homepage": "https://github.com/puppetlabs/puppetlabs-stdlib"
                },
                {
                    "name": "PuPHPet",
                    "homepage": "https://github.com/puphpet/puppetlabs-stdlib"
                }
            ],
            "description": "Non-PHP! Composer-friendly version of Puppet Labs Standard Library module",
            "homepage": "https://github.com/puphpet/puppetlabs-stdlib",
            "keywords": [
                "puppet",
                "virtual machine",
                "vm"
            ],
            "time": "2013-06-21 03:00:02"
        },
        {
            "name": "puphpet/puppi",
            "version": "dev-master",
            "target-dir": "puppi",
            "source": {
                "type": "git",
                "url": "https://github.com/puphpet/puppi.git",
                "reference": "2b452ad05d04ebe4309e3803a944dfc1f853b6d9"
            },
            "dist": {
                "type": "zip",
                "url": "https://api.github.com/repos/puphpet/puppi/zipball/2b452ad05d04ebe4309e3803a944dfc1f853b6d9",
                "reference": "2b452ad05d04ebe4309e3803a944dfc1f853b6d9",
                "shasum": ""
            },
            "require": {
                "puphpet/puphpet-module-installer": "*"
            },
            "type": "puphpet-module",
            "notification-url": "https://packagist.org/downloads/",
            "license": [
                "Apache 2."
            ],
            "authors": [
                {
                    "name": "Alessandro Franceschi / Lab42",
                    "homepage": "https://github.com/example42/puppi"
                },
                {
                    "name": "PuPHPet",
                    "homepage": "https://github.com/puphpet/puppi"
                }
            ],
            "description": "Non-PHP! Composer-friendly version of Lab42 puppi module",
            "homepage": "https://github.com/puphpet/puppi",
            "keywords": [
                "puppet",
                "virtual machine",
                "vm"
            ],
            "time": "2013-06-21 02:38:54"
        }
    ],
    "packages-dev": [

    ],
    "aliases": [

    ],
    "minimum-stability": "dev",
    "stability-flags": {
        "puphpet/puppet-apache": 20,
        "puphpet/puppetlabs-apt": 20,
        "puphpet/puppet-git": 20,
        "puphpet/puppet-mysql": 20,
        "puphpet/puppet-php": 20,
        "puphpet/puppet-xdebug": 20,
        "puphpet/puppet-puphpet": 20,
        "puphpet/puppet-nginx": 20,
        "puphpet/puppet-postgresql": 20,
        "puphpet/puppet-phpmyadmin": 20
    },
    "platform": [

    ],
    "platform-dev": [

    ]
}
